
Microsoft Visual Studio Solution File, Format Version 12.00
# Visual Studio Version 16
VisualStudioVersion = 16.0.30503.244
MinimumVisualStudioVersion = 10.0.40219.1
Project("{FAE04EC0-301F-11D3-BF4B-00C04F79EFBC}") = "Data", "Data\Data.csproj", "{620DF0FA-E115-463C-8878-0F1DE3CD0161}"
EndProject
Project("{FAE04EC0-301F-11D3-BF4B-00C04F79EFBC}") = "Models", "Models\Models.csproj", "{35E81FBB-35C7-4518-A2EF-D224795709C4}"
EndProject
Project("{FAE04EC0-301F-11D3-BF4B-00C04F79EFBC}") = "Services", "Services\Services.csproj", "{6152E89A-7CF7-44E9-9D0D-D8C77D8FC691}"
EndProject
Global
	GlobalSection(SolutionConfigurationPlatforms) = preSolution
		Debug|Any CPU = Debug|Any CPU
		Release|Any CPU = Release|Any CPU
	EndGlobalSection
	GlobalSection(ProjectConfigurationPlatforms) = postSolution
		{620DF0FA-E115-463C-8878-0F1DE3CD0161}.Debug|Any CPU.ActiveCfg = Debug|Any CPU
		{620DF0FA-E115-463C-8878-0F1DE3CD0161}.Debug|Any CPU.Build.0 = Debug|Any CPU
		{620DF0FA-E115-463C-8878-0F1DE3CD0161}.Release|Any CPU.ActiveCfg = Release|Any CPU
		{620DF0FA-E115-463C-8878-0F1DE3CD0161}.Release|Any CPU.Build.0 = Release|Any CPU
		{35E81FBB-35C7-4518-A2EF-D224795709C4}.Debug|Any CPU.ActiveCfg = Debug|Any CPU
		{35E81FBB-35C7-4518-A2EF-D224795709C4}.Debug|Any CPU.Build.0 = Debug|Any CPU
		{35E81FBB-35C7-4518-A2EF-D224795709C4}.Release|Any CPU.ActiveCfg = Release|Any CPU
		{35E81FBB-35C7-4518-A2EF-D224795709C4}.Release|Any CPU.Build.0 = Release|Any CPU
		{6152E89A-7CF7-44E9-9D0D-D8C77D8FC691}.Debug|Any CPU.ActiveCfg = Debug|Any CPU
		{6152E89A-7CF7-44E9-9D0D-D8C77D8FC691}.Debug|Any CPU.Build.0 = Debug|Any CPU
		{6152E89A-7CF7-44E9-9D0D-D8C77D8FC691}.Release|Any CPU.ActiveCfg = Release|Any CPU
		{6152E89A-7CF7-44E9-9D0D-D8C77D8FC691}.Release|Any CPU.Build.0 = Release|Any CPU
	EndGlobalSection
	GlobalSection(SolutionProperties) = preSolution
		HideSolutionNode = FALSE
	EndGlobalSection
	GlobalSection(ExtensibilityGlobals) = postSolution
		SolutionGuid = {1BF545A9-E95A-4AC3-B9D5-F6E6033B85E9}
	EndGlobalSection
EndGlobal
